// !$*UTF8*$!
{
	archiveVersion = 1;
	classes = {
	};
	objectVersion = 46;
	objects = {

/* Begin PBXBuildFile section */
		355670E91C8D148E00956AC2 /* main.m in Sources */ = {isa = PBXBuildFile; fileRef = 355670E81C8D148E00956AC2 /* main.m */; };
		355670EC1C8D148E00956AC2 /* AppDelegate.m in Sources */ = {isa = PBXBuildFile; fileRef = 355670EB1C8D148E00956AC2 /* AppDelegate.m */; };
		355670EF1C8D148E00956AC2 /* ViewController.m in Sources */ = {isa = PBXBuildFile; fileRef = 355670EE1C8D148E00956AC2 /* ViewController.m */; };
		355670F21C8D148E00956AC2 /* Main.storyboard in Resources */ = {isa = PBXBuildFile; fileRef = 355670F01C8D148E00956AC2 /* Main.storyboard */; };
		355670F41C8D148E00956AC2 /* Assets.xcassets in Resources */ = {isa = PBXBuildFile; fileRef = 355670F31C8D148E00956AC2 /* Assets.xcassets */; };
		355670F71C8D148E00956AC2 /* LaunchScreen.storyboard in Resources */ = {isa = PBXBuildFile; fileRef = 355670F51C8D148E00956AC2 /* LaunchScreen.storyboard */; };
		355671031C8D248200956AC2 /* PropertyViewController.m in Sources */ = {isa = PBXBuildFile; fileRef = 355671021C8D248200956AC2 /* PropertyViewController.m */; };
		355671061C8D4A6D00956AC2 /* MethodViewController.m in Sources */ = {isa = PBXBuildFile; fileRef = 355671051C8D4A6D00956AC2 /* MethodViewController.m */; };
		3556710C1C8D4E8E00956AC2 /* UserEntity.m in Sources */ = {isa = PBXBuildFile; fileRef = 355671091C8D4E8E00956AC2 /* UserEntity.m */; };
		3556710D1C8D4E8E00956AC2 /* DelegateViewController.m in Sources */ = {isa = PBXBuildFile; fileRef = 3556710B1C8D4E8E00956AC2 /* DelegateViewController.m */; };
		355671101C8D567F00956AC2 /* BlockViewController.m in Sources */ = {isa = PBXBuildFile; fileRef = 3556710F1C8D567F00956AC2 /* BlockViewController.m */; };
		355671151C8D5DDA00956AC2 /* Singleton.m in Sources */ = {isa = PBXBuildFile; fileRef = 355671121C8D5DDA00956AC2 /* Singleton.m */; };
		355671161C8D5DDA00956AC2 /* SlngleViewController.m in Sources */ = {isa = PBXBuildFile; fileRef = 355671141C8D5DDA00956AC2 /* SlngleViewController.m */; };
		355671191C8D60A800956AC2 /* NotificationViewController.m in Sources */ = {isa = PBXBuildFile; fileRef = 355671181C8D60A800956AC2 /* NotificationViewController.m */; };
/* End PBXBuildFile section */

/* Begin PBXFileReference section */
		355670E41C8D148E00956AC2 /* DataTransSevenWay.app */ = {isa = PBXFileReference; explicitFileType = wrapper.application; includeInIndex = 0; path = DataTransSevenWay.app; sourceTree = BUILT_PRODUCTS_DIR; };
		355670E81C8D148E00956AC2 /* main.m */ = {isa = PBXFileReference; lastKnownFileType = sourcecode.c.objc; path = main.m; sourceTree = "<group>"; };
		355670EA1C8D148E00956AC2 /* AppDelegate.h */ = {isa = PBXFileReference; lastKnownFileType = sourcecode.c.h; path = AppDelegate.h; sourceTree = "<group>"; };
		355670EB1C8D148E00956AC2 /* AppDelegate.m */ = {isa = PBXFileReference; lastKnownFileType = sourcecode.c.objc; path = AppDelegate.m; sourceTree = "<group>"; };
		355670ED1C8D148E00956AC2 /* ViewController.h */ = {isa = PBXFileReference; lastKnownFileType = sourcecode.c.h; path = ViewController.h; sourceTree = "<group>"; };
		355670EE1C8D148E00956AC2 /* ViewController.m */ = {isa = PBXFileReference; lastKnownFileType = sourcecode.c.objc; path = ViewController.m; sourceTree = "<group>"; };
		355670F11C8D148E00956AC2 /* Base */ = {isa = PBXFileReference; lastKnownFileType = file.storyboard; name = Base; path = Base.lproj/Main.storyboard; sourceTree = "<group>"; };
		355670F31C8D148E00956AC2 /* Assets.xcassets */ = {isa = PBXFileReference; lastKnownFileType = folder.assetcatalog; path = Assets.xcassets; sourceTree = "<group>"; };
		355670F61C8D148E00956AC2 /* Base */ = {isa = PBXFileReference; lastKnownFileType = file.storyboard; name = Base; path = Base.lproj/LaunchScreen.storyboard; sourceTree = "<group>"; };
		355670F81C8D148E00956AC2 /* Info.plist */ = {isa = PBXFileReference; lastKnownFileType = text.plist.xml; path = Info.plist; sourceTree = "<group>"; };
		355671011C8D248200956AC2 /* PropertyViewController.h */ = {isa = PBXFileReference; fileEncoding = 4; lastKnownFileType = sourcecode.c.h; path = PropertyViewController.h; sourceTree = "<group>"; };
		355671021C8D248200956AC2 /* PropertyViewController.m */ = {isa = PBXFileReference; fileEncoding = 4; lastKnownFileType = sourcecode.c.objc; path = PropertyViewController.m; sourceTree = "<group>"; };
		355671041C8D4A6D00956AC2 /* MethodViewController.h */ = {isa = PBXFileReference; fileEncoding = 4; lastKnownFileType = sourcecode.c.h; path = MethodViewController.h; sourceTree = "<group>"; };
		355671051C8D4A6D00956AC2 /* MethodViewController.m */ = {isa = PBXFileReference; fileEncoding = 4; lastKnownFileType = sourcecode.c.objc; path = MethodViewController.m; sourceTree = "<group>"; };
		355671071C8D4E8E00956AC2 /* PassValueDelegate.h */ = {isa = PBXFileReference; fileEncoding = 4; lastKnownFileType = sourcecode.c.h; path = PassValueDelegate.h; sourceTree = "<group>"; };
		355671081C8D4E8E00956AC2 /* UserEntity.h */ = {isa = PBXFileReference; fileEncoding = 4; lastKnownFileType = sourcecode.c.h; path = UserEntity.h; sourceTree = "<group>"; };
		355671091C8D4E8E00956AC2 /* UserEntity.m */ = {isa = PBXFileReference; fileEncoding = 4; lastKnownFileType = sourcecode.c.objc; path = UserEntity.m; sourceTree = "<group>"; };
		3556710A1C8D4E8E00956AC2 /* DelegateViewController.h */ = {isa = PBXFileReference; fileEncoding = 4; lastKnownFileType = sourcecode.c.h; path = DelegateViewController.h; sourceTree = "<group>"; };
		3556710B1C8D4E8E00956AC2 /* DelegateViewController.m */ = {isa = PBXFileReference; fileEncoding = 4; lastKnownFileType = sourcecode.c.objc; path = DelegateViewController.m; sourceTree = "<group>"; };
		3556710E1C8D567F00956AC2 /* BlockViewController.h */ = {isa = PBXFileReference; fileEncoding = 4; lastKnownFileType = sourcecode.c.h; path = BlockViewController.h; sourceTree = "<group>"; };
		3556710F1C8D567F00956AC2 /* BlockViewController.m */ = {isa = PBXFileReference; fileEncoding = 4; lastKnownFileType = sourcecode.c.objc; path = BlockViewController.m; sourceTree = "<group>"; };
		355671111C8D5DDA00956AC2 /* Singleton.h */ = {isa = PBXFileReference; fileEncoding = 4; lastKnownFileType = sourcecode.c.h; path = Singleton.h; sourceTree = "<group>"; };
		355671121C8D5DDA00956AC2 /* Singleton.m */ = {isa = PBXFileReference; fileEncoding = 4; lastKnownFileType = sourcecode.c.objc; path = Singleton.m; sourceTree = "<group>"; };
		355671131C8D5DDA00956AC2 /* SlngleViewController.h */ = {isa = PBXFileReference; fileEncoding = 4; lastKnownFileType = sourcecode.c.h; path = SlngleViewController.h; sourceTree = "<group>"; };
		355671141C8D5DDA00956AC2 /* SlngleViewController.m */ = {isa = PBXFileReference; fileEncoding = 4; lastKnownFileType = sourcecode.c.objc; path = SlngleViewController.m; sourceTree = "<group>"; };
		355671171C8D60A800956AC2 /* NotificationViewController.h */ = {isa = PBXFileReference; fileEncoding = 4; lastKnownFileType = sourcecode.c.h; path = NotificationViewController.h; sourceTree = "<group>"; };
		355671181C8D60A800956AC2 /* NotificationViewController.m */ = {isa = PBXFileReference; fileEncoding = 4; lastKnownFileType = sourcecode.c.objc; path = NotificationViewController.m; sourceTree = "<group>"; };
/* End PBXFileReference section */

/* Begin PBXFrameworksBuildPhase section */
		355670E11C8D148E00956AC2 /* Frameworks */ = {
			isa = PBXFrameworksBuildPhase;
			buildActionMask = 2147483647;
			files = (
			);
			runOnlyForDeploymentPostprocessing = 0;
		};
/* End PBXFrameworksBuildPhase section */

/* Begin PBXGroup section */
		355670DB1C8D148E00956AC2 = {
			isa = PBXGroup;
			children = (
				355670E61C8D148E00956AC2 /* DataTransSevenWay */,
				355670E51C8D148E00956AC2 /* Products */,
			);
			sourceTree = "<group>";
		};
		355670E51C8D148E00956AC2 /* Products */ = {
			isa = PBXGroup;
			children = (
				355670E41C8D148E00956AC2 /* DataTransSevenWay.app */,
			);
			name = Products;
			sourceTree = "<group>";
		};
		355670E61C8D148E00956AC2 /* DataTransSevenWay */ = {
			isa = PBXGroup;
			children = (
				355671171C8D60A800956AC2 /* NotificationViewController.h */,
				355671181C8D60A800956AC2 /* NotificationViewController.m */,
				355671111C8D5DDA00956AC2 /* Singleton.h */,
				355671121C8D5DDA00956AC2 /* Singleton.m */,
				355671131C8D5DDA00956AC2 /* SlngleViewController.h */,
				355671141C8D5DDA00956AC2 /* SlngleViewController.m */,
				3556710E1C8D567F00956AC2 /* BlockViewController.h */,
				3556710F1C8D567F00956AC2 /* BlockViewController.m */,
				355671071C8D4E8E00956AC2 /* PassValueDelegate.h */,
				355671081C8D4E8E00956AC2 /* UserEntity.h */,
				355671091C8D4E8E00956AC2 /* UserEntity.m */,
				3556710A1C8D4E8E00956AC2 /* DelegateViewController.h */,
				3556710B1C8D4E8E00956AC2 /* DelegateViewController.m */,
				355671041C8D4A6D00956AC2 /* MethodViewController.h */,
				355671051C8D4A6D00956AC2 /* MethodViewController.m */,
				355671011C8D248200956AC2 /* PropertyViewController.h */,
				355671021C8D248200956AC2 /* PropertyViewController.m */,
				355670EA1C8D148E00956AC2 /* AppDelegate.h */,
				355670EB1C8D148E00956AC2 /* AppDelegate.m */,
				355670ED1C8D148E00956AC2 /* ViewController.h */,
				355670EE1C8D148E00956AC2 /* ViewController.m */,
				355670F01C8D148E00956AC2 /* Main.storyboard */,
				355670F31C8D148E00956AC2 /* Assets.xcassets */,
				355670F51C8D148E00956AC2 /* LaunchScreen.storyboard */,
				355670F81C8D148E00956AC2 /* Info.plist */,
				355670E71C8D148E00956AC2 /* Supporting Files */,
			);
			path = DataTransSevenWay;
			sourceTree = "<group>";
		};
		355670E71C8D148E00956AC2 /* Supporting Files */ = {
			isa = PBXGroup;
			children = (
				355670E81C8D148E00956AC2 /* main.m */,
			);
			name = "Supporting Files";
			sourceTree = "<group>";
		};
/* End PBXGroup section */

/* Begin PBXNativeTarget section */
		355670E31C8D148E00956AC2 /* DataTransSevenWay */ = {
			isa = PBXNativeTarget;
			buildConfigurationList = 355670FB1C8D148E00956AC2 /* Build configuration list for PBXNativeTarget "DataTransSevenWay" */;
			buildPhases = (
				355670E01C8D148E00956AC2 /* Sources */,
				355670E11C8D148E00956AC2 /* Frameworks */,
				355670E21C8D148E00956AC2 /* Resources */,
			);
			buildRules = (
			);
			dependencies = (
			);
			name = DataTransSevenWay;
			productName = DataTransSevenWay;
			productReference = 355670E41C8D148E00956AC2 /* DataTransSevenWay.app */;
			productType = "com.apple.product-type.application";
		};
/* End PBXNativeTarget section */

/* Begin PBXProject section */
		355670DC1C8D148E00956AC2 /* Project object */ = {
			isa = PBXProject;
			attributes = {
				LastUpgradeCheck = 0720;
				ORGANIZATIONNAME = chen;
				TargetAttributes = {
					355670E31C8D148E00956AC2 = {
						CreatedOnToolsVersion = 7.2.1;
					};
				};
			};
			buildConfigurationList = 355670DF1C8D148E00956AC2 /* Build configuration list for PBXProject "DataTransSevenWay" */;
			compatibilityVersion = "Xcode 3.2";
			developmentRegion = English;
			hasScannedForEncodings = 0;
			knownRegions = (
				en,
				Base,
			);
			mainGroup = 355670DB1C8D148E00956AC2;
			productRefGroup = 355670E51C8D148E00956AC2 /* Products */;
			projectDirPath = "";
			projectRoot = "";
			targets = (
				355670E31C8D148E00956AC2 /* DataTransSevenWay */,
			);
		};
/* End PBXProject section */

/* Begin PBXResourcesBuildPhase section */
		355670E21C8D148E00956AC2 /* Resources */ = {
			isa = PBXResourcesBuildPhase;
			buildActionMask = 2147483647;
			files = (
				355670F71C8D148E00956AC2 /* LaunchScreen.storyboard in Resources */,
				355670F41C8D148E00956AC2 /* Assets.xcassets in Resources */,
				355670F21C8D148E00956AC2 /* Main.storyboard in Resources */,
			);
			runOnlyForDeploymentPostprocessing = 0;
		};
/* End PBXResourcesBuildPhase section */

/* Begin PBXSourcesBuildPhase section */
		355670E01C8D148E00956AC2 /* Sources */ = {
			isa = PBXSourcesBuildPhase;
			buildActionMask = 2147483647;
			files = (
				355670EF1C8D148E00956AC2 /* ViewController.m in Sources */,
				355671061C8D4A6D00956AC2 /* MethodViewController.m in Sources */,
				355671101C8D567F00956AC2 /* BlockViewController.m in Sources */,
				355671161C8D5DDA00956AC2 /* SlngleViewController.m in Sources */,
				3556710D1C8D4E8E00956AC2 /* DelegateViewController.m in Sources */,
				355670EC1C8D148E00956AC2 /* AppDelegate.m in Sources */,
				355671191C8D60A800956AC2 /* NotificationViewController.m in Sources */,
				3556710C1C8D4E8E00956AC2 /* UserEntity.m in Sources */,
				355671151C8D5DDA00956AC2 /* Singleton.m in Sources */,
				355670E91C8D148E00956AC2 /* main.m in Sources */,
				355671031C8D248200956AC2 /* PropertyViewController.m in Sources */,
			);
			runOnlyForDeploymentPostprocessing = 0;
		};
/* End PBXSourcesBuildPhase section */

/* Begin PBXVariantGroup section */
		355670F01C8D148E00956AC2 /* Main.storyboard */ = {
			isa = PBXVariantGroup;
			children = (
				355670F11C8D148E00956AC2 /* Base */,
			);
			name = Main.storyboard;
			sourceTree = "<group>";
		};
		355670F51C8D148E00956AC2 /* LaunchScreen.storyboard */ = {
			isa = PBXVariantGroup;
			children = (
				355670F61C8D148E00956AC2 /* Base */,
			);
			name = LaunchScreen.storyboard;
			sourceTree = "<group>";
		};
/* End PBXVariantGroup section */

/* Begin XCBuildConfiguration section */
		355670F91C8D148E00956AC2 /* Debug */ = {
			isa = XCBuildConfiguration;
			buildSettings = {
				ALWAYS_SEARCH_USER_PATHS = NO;
				CLANG_CXX_LANGUAGE_STANDARD = "gnu++0x";
				CLANG_CXX_LIBRARY = "libc++";
				CLANG_ENABLE_MODULES = YES;
				CLANG_ENABLE_OBJC_ARC = YES;
				CLANG_WARN_BOOL_CONVERSION = YES;
				CLANG_WARN_CONSTANT_CONVERSION = YES;
				CLANG_WARN_DIRECT_OBJC_ISA_USAGE = YES_ERROR;
				CLANG_WARN_EMPTY_BODY = YES;
				CLANG_WARN_ENUM_CONVERSION = YES;
				CLANG_WARN_INT_CONVERSION = YES;
				CLANG_WARN_OBJC_ROOT_CLASS = YES_ERROR;
				CLANG_WARN_UNREACHABLE_CODE = YES;
				CLANG_WARN__DUPLICATE_METHOD_MATCH = YES;
				"CODE_SIGN_IDENTITY[sdk=iphoneos*]" = "iPhone Developer";
				COPY_PHASE_STRIP = NO;
				DEBUG_INFORMATION_FORMAT = dwarf;
				ENABLE_STRICT_OBJC_MSGSEND = YES;
				ENABLE_TESTABILITY = YES;
				GCC_C_LANGUAGE_STANDARD = gnu99;
				GCC_DYNAMIC_NO_PIC = NO;
				GCC_NO_COMMON_BLOCKS = YES;
				GCC_OPTIMIZATION_LEVEL = 0;
				GCC_PREPROCESSOR_DEFINITIONS = (
					"DEBUG=1",
					"$(inherited)",
				);
				GCC_WARN_64_TO_32_BIT_CONVERSION = YES;
				GCC_WARN_ABOUT_RETURN_TYPE = YES_ERROR;
				GCC_WARN_UNDECLARED_SELECTOR = YES;
				GCC_WARN_UNINITIALIZED_AUTOS = YES_AGGRESSIVE;
				GCC_WARN_UNUSED_FUNCTION = YES;
				GCC_WARN_UNUSED_VARIABLE = YES;
				IPHONEOS_DEPLOYMENT_TARGET = 9.2;
				MTL_ENABLE_DEBUG_INFO = YES;
				ONLY_ACTIVE_ARCH = YES;
				SDKROOT = iphoneos;
			};
			name = Debug;
		};
		355670FA1C8D148E00956AC2 /* Release */ = {
			isa = XCBuildConfiguration;
			buildSettings = {
				ALWAYS_SEARCH_USER_PATHS = NO;
				CLANG_CXX_LANGUAGE_STANDARD = "gnu++0x";
				CLANG_CXX_LIBRARY = "libc++";
				CLANG_ENABLE_MODULES = YES;
				CLANG_ENABLE_OBJC_ARC = YES;
				CLANG_WARN_BOOL_CONVERSION = YES;
				CLANG_WARN_CONSTANT_CONVERSION = YES;
				CLANG_WARN_DIRECT_OBJC_ISA_USAGE = YES_ERROR;
				CLANG_WARN_EMPTY_BODY = YES;
				CLANG_WARN_ENUM_CONVERSION = YES;
				CLANG_WARN_INT_CONVERSION = YES;
				CLANG_WARN_OBJC_ROOT_CLASS = YES_ERROR;
				CLANG_WARN_UNREACHABLE_CODE = YES;
				CLANG_WARN__DUPLICATE_METHOD_MATCH = YES;
				"CODE_SIGN_IDENTITY[sdk=iphoneos*]" = "iPhone Developer";
				COPY_PHASE_STRIP = NO;
				DEBUG_INFORMATION_FORMAT = "dwarf-with-dsym";
				ENABLE_NS_ASSERTIONS = NO;
				ENABLE_STRICT_OBJC_MSGSEND = YES;
				GCC_C_LANGUAGE_STANDARD = gnu99;
				GCC_NO_COMMON_BLOCKS = YES;
				GCC_WARN_64_TO_32_BIT_CONVERSION = YES;
				GCC_WARN_ABOUT_RETURN_TYPE = YES_ERROR;
				GCC_WARN_UNDECLARED_SELECTOR = YES;
				GCC_WARN_UNINITIALIZED_AUTOS = YES_AGGRESSIVE;
				GCC_WARN_UNUSED_FUNCTION = YES;
				GCC_WARN_UNUSED_VARIABLE = YES;
				IPHONEOS_DEPLOYMENT_TARGET = 9.2;
				MTL_ENABLE_DEBUG_INFO = NO;
				SDKROOT = iphoneos;
				VALIDATE_PRODUCT = YES;
			};
			name = Release;
		};
		355670FC1C8D148E00956AC2 /* Debug */ = {
			isa = XCBuildConfiguration;
			buildSettings = {
				ASSETCATALOG_COMPILER_APPICON_NAME = AppIcon;
				INFOPLIST_FILE = DataTransSevenWay/Info.plist;
				LD_RUNPATH_SEARCH_PATHS = "$(inherited) @executable_path/Frameworks";
				PRODUCT_BUNDLE_IDENTIFIER = "com.mplus.-iMBookTheatre.DataTransSevenWay";
				PRODUCT_NAME = "$(TARGET_NAME)";
			};
			name = Debug;
		};
		355670FD1C8D148E00956AC2 /* Release */ = {
			isa = XCBuildConfiguration;
			buildSettings = {
				ASSETCATALOG_COMPILER_APPICON_NAME = AppIcon;
				INFOPLIST_FILE = DataTransSevenWay/Info.plist;
				LD_RUNPATH_SEARCH_PATHS = "$(inherited) @executable_path/Frameworks";
				PRODUCT_BUNDLE_IDENTIFIER = "com.mplus.-iMBookTheatre.DataTransSevenWay";
				PRODUCT_NAME = "$(TARGET_NAME)";
			};
			name = Release;
		};
/* End XCBuildConfiguration section */

/* Begin XCConfigurationList section */
		355670DF1C8D148E00956AC2 /* Build configuration list for PBXProject "DataTransSevenWay" */ = {
			isa = XCConfigurationList;
			buildConfigurations = (
				355670F91C8D148E00956AC2 /* Debug */,
				355670FA1C8D148E00956AC2 /* Release */,
			);
			defaultConfigurationIsVisible = 0;
			defaultConfigurationName = Release;
		};
		355670FB1C8D148E00956AC2 /* Build configuration list for PBXNativeTarget "DataTransSevenWay" */ = {
			isa = XCConfigurationList;
			buildConfigurations = (
				355670FC1C8D148E00956AC2 /* Debug */,
				355670FD1C8D148E00956AC2 /* Release */,
			);
			defaultConfigurationIsVisible = 0;
		};
/* End XCConfigurationList section */
	};
	rootObject = 355670DC1C8D148E00956AC2 /* Project object */;
}
